github.com/atgane/ggogio v0.0.0-20230821150717-3d353ae1a3c9 h1:XjVCPqN+VwQkIj9Q+Hn1i8FFsWpRN7OKZULKObRJ5g0=
github.com/atgane/ggogio v0.0.0-20230821150717-3d353ae1a3c9/go.mod h1:DdpkOf/BAEv2JayLcOc/u9cGjwh2VF0cx//Y87jibB8=
github.com/davecgh/go-spew v1.1.1 h1:vj9j/u1bqnvCEfJOwUhtlOARqs3+rkHYY13jYWTU97c=
github.com/pmezard/go-difflib v1.0.0 h1:4DBwDE0NGyQoBHbLQYPwSUPoCMWR5BEzIk/f1lZbAQM=
github.com/stretchr/testify v1.8.4 h1:CcVxjf3Q8PM0mHUKJCdn+eZZtm5yQwehR5yeSVQQcUk=
gopkg.in/yaml.v3 v3.0.1 h1:fxVm/GzAzEWqLHuvctI91KS9hhNmmWOoWu0XTYJS7CA=
